
Microsoft Visual Studio Solution File, Format Version 12.00
# Visual Studio Version 17
VisualStudioVersion = 17.1.32414.318
MinimumVisualStudioVersion = 10.0.40219.1
Project("{2150E333-8FDC-42A3-9474-1A3956D46DE8}") = "src", "src", "{8CB767F4-DEE5-44B7-A5EF-022B74A04775}"
EndProject
Project("{FAE04EC0-301F-11D3-BF4B-00C04F79EFBC}") = "Course.Customers.API", "src\Course.Customers.API\Course.Customers.API.csproj", "{D0BEF34B-8DE2-4A8F-B523-853780467405}"
EndProject
Global
	GlobalSection(SolutionConfigurationPlatforms) = preSolution
		Debug|Any CPU = Debug|Any CPU
		Release|Any CPU = Release|Any CPU
	EndGlobalSection
	GlobalSection(ProjectConfigurationPlatforms) = postSolution
		{D0BEF34B-8DE2-4A8F-B523-853780467405}.Debug|Any CPU.ActiveCfg = Debug|Any CPU
		{D0BEF34B-8DE2-4A8F-B523-853780467405}.Debug|Any CPU.Build.0 = Debug|Any CPU
		{D0BEF34B-8DE2-4A8F-B523-853780467405}.Release|Any CPU.ActiveCfg = Release|Any CPU
		{D0BEF34B-8DE2-4A8F-B523-853780467405}.Release|Any CPU.Build.0 = Release|Any CPU
	EndGlobalSection
	GlobalSection(SolutionProperties) = preSolution
		HideSolutionNode = FALSE
	EndGlobalSection
	GlobalSection(NestedProjects) = preSolution
		{D0BEF34B-8DE2-4A8F-B523-853780467405} = {8CB767F4-DEE5-44B7-A5EF-022B74A04775}
	EndGlobalSection
	GlobalSection(ExtensibilityGlobals) = postSolution
		SolutionGuid = {E1A9BEBA-A829-4832-B336-FD04502D3CA9}
	EndGlobalSection
EndGlobal
